
Microsoft Visual Studio Solution File, Format Version 12.00
# Visual Studio Version 17
VisualStudioVersion = 17.0.32014.148
MinimumVisualStudioVersion = 10.0.40219.1
Project("{FAE04EC0-301F-11D3-BF4B-00C04F79EFBC}") = "sem7Jaramillo.Android", "sem7Jaramillo.Android\sem7Jaramillo.Android.csproj", "{6BCC0E4C-D682-4627-B140-8FA1C01E9BB3}"
EndProject
Project("{FAE04EC0-301F-11D3-BF4B-00C04F79EFBC}") = "sem7Jaramillo.iOS", "sem7Jaramillo.iOS\sem7Jaramillo.iOS.csproj", "{86C649E9-B6C7-4AFA-8B4C-376BB259E99D}"
EndProject
Project("{FAE04EC0-301F-11D3-BF4B-00C04F79EFBC}") = "sem7Jaramillo", "sem7Jaramillo\sem7Jaramillo.csproj", "{FC697FEC-BC47-43D7-A7D1-2D24F88F9BF6}"
EndProject
Global
	GlobalSection(SolutionConfigurationPlatforms) = preSolution
		Debug|Any CPU = Debug|Any CPU
		Debug|iPhone = Debug|iPhone
		Debug|iPhoneSimulator = Debug|iPhoneSimulator
		Release|Any CPU = Release|Any CPU
		Release|iPhone = Release|iPhone
		Release|iPhoneSimulator = Release|iPhoneSimulator
	EndGlobalSection
	GlobalSection(ProjectConfigurationPlatforms) = postSolution
		{6BCC0E4C-D682-4627-B140-8FA1C01E9BB3}.Debug|Any CPU.ActiveCfg = Debug|Any CPU
		{6BCC0E4C-D682-4627-B140-8FA1C01E9BB3}.Debug|Any CPU.Build.0 = Debug|Any CPU
		{6BCC0E4C-D682-4627-B140-8FA1C01E9BB3}.Debug|Any CPU.Deploy.0 = Debug|Any CPU
		{6BCC0E4C-D682-4627-B140-8FA1C01E9BB3}.Debug|iPhone.ActiveCfg = Debug|Any CPU
		{6BCC0E4C-D682-4627-B140-8FA1C01E9BB3}.Debug|iPhone.Build.0 = Debug|Any CPU
		{6BCC0E4C-D682-4627-B140-8FA1C01E9BB3}.Debug|iPhone.Deploy.0 = Debug|Any CPU
		{6BCC0E4C-D682-4627-B140-8FA1C01E9BB3}.Debug|iPhoneSimulator.ActiveCfg = Debug|Any CPU
		{6BCC0E4C-D682-4627-B140-8FA1C01E9BB3}.Debug|iPhoneSimulator.Build.0 = Debug|Any CPU
		{6BCC0E4C-D682-4627-B140-8FA1C01E9BB3}.Debug|iPhoneSimulator.Deploy.0 = Debug|Any CPU
		{6BCC0E4C-D682-4627-B140-8FA1C01E9BB3}.Release|Any CPU.ActiveCfg = Release|Any CPU
		{6BCC0E4C-D682-4627-B140-8FA1C01E9BB3}.Release|Any CPU.Build.0 = Release|Any CPU
		{6BCC0E4C-D682-4627-B140-8FA1C01E9BB3}.Release|Any CPU.Deploy.0 = Release|Any CPU
		{6BCC0E4C-D682-4627-B140-8FA1C01E9BB3}.Release|iPhone.ActiveCfg = Release|Any CPU
		{6BCC0E4C-D682-4627-B140-8FA1C01E9BB3}.Release|iPhone.Build.0 = Release|Any CPU
		{6BCC0E4C-D682-4627-B140-8FA1C01E9BB3}.Release|iPhone.Deploy.0 = Release|Any CPU
		{6BCC0E4C-D682-4627-B140-8FA1C01E9BB3}.Release|iPhoneSimulator.ActiveCfg = Release|Any CPU
		{6BCC0E4C-D682-4627-B140-8FA1C01E9BB3}.Release|iPhoneSimulator.Build.0 = Release|Any CPU
		{6BCC0E4C-D682-4627-B140-8FA1C01E9BB3}.Release|iPhoneSimulator.Deploy.0 = Release|Any CPU
		{86C649E9-B6C7-4AFA-8B4C-376BB259E99D}.Debug|Any CPU.ActiveCfg = Debug|iPhone
		{86C649E9-B6C7-4AFA-8B4C-376BB259E99D}.Debug|Any CPU.Build.0 = Debug|iPhone
		{86C649E9-B6C7-4AFA-8B4C-376BB259E99D}.Debug|Any CPU.Deploy.0 = Debug|iPhone
		{86C649E9-B6C7-4AFA-8B4C-376BB259E99D}.Debug|iPhone.ActiveCfg = Debug|iPhone
		{86C649E9-B6C7-4AFA-8B4C-376BB259E99D}.Debug|iPhone.Build.0 = Debug|iPhone
		{86C649E9-B6C7-4AFA-8B4C-376BB259E99D}.Debug|iPhone.Deploy.0 = Debug|iPhone
		{86C649E9-B6C7-4AFA-8B4C-376BB259E99D}.Debug|iPhoneSimulator.ActiveCfg = Debug|iPhoneSimulator
		{86C649E9-B6C7-4AFA-8B4C-376BB259E99D}.Debug|iPhoneSimulator.Build.0 = Debug|iPhoneSimulator
		{86C649E9-B6C7-4AFA-8B4C-376BB259E99D}.Debug|iPhoneSimulator.Deploy.0 = Debug|iPhoneSimulator
		{86C649E9-B6C7-4AFA-8B4C-376BB259E99D}.Release|Any CPU.ActiveCfg = Release|iPhoneSimulator
		{86C649E9-B6C7-4AFA-8B4C-376BB259E99D}.Release|Any CPU.Build.0 = Release|iPhoneSimulator
		{86C649E9-B6C7-4AFA-8B4C-376BB259E99D}.Release|Any CPU.Deploy.0 = Release|iPhoneSimulator
		{86C649E9-B6C7-4AFA-8B4C-376BB259E99D}.Release|iPhone.ActiveCfg = Release|iPhone
		{86C649E9-B6C7-4AFA-8B4C-376BB259E99D}.Release|iPhone.Build.0 = Release|iPhone
		{86C649E9-B6C7-4AFA-8B4C-376BB259E99D}.Release|iPhone.Deploy.0 = Release|iPhone
		{86C649E9-B6C7-4AFA-8B4C-376BB259E99D}.Release|iPhoneSimulator.ActiveCfg = Release|iPhoneSimulator
		{86C649E9-B6C7-4AFA-8B4C-376BB259E99D}.Release|iPhoneSimulator.Build.0 = Release|iPhoneSimulator
		{86C649E9-B6C7-4AFA-8B4C-376BB259E99D}.Release|iPhoneSimulator.Deploy.0 = Release|iPhoneSimulator
		{FC697FEC-BC47-43D7-A7D1-2D24F88F9BF6}.Debug|Any CPU.ActiveCfg = Debug|Any CPU
		{FC697FEC-BC47-43D7-A7D1-2D24F88F9BF6}.Debug|Any CPU.Build.0 = Debug|Any CPU
		{FC697FEC-BC47-43D7-A7D1-2D24F88F9BF6}.Debug|Any CPU.Deploy.0 = Debug|Any CPU
		{FC697FEC-BC47-43D7-A7D1-2D24F88F9BF6}.Debug|iPhone.ActiveCfg = Debug|Any CPU
		{FC697FEC-BC47-43D7-A7D1-2D24F88F9BF6}.Debug|iPhone.Build.0 = Debug|Any CPU
		{FC697FEC-BC47-43D7-A7D1-2D24F88F9BF6}.Debug|iPhone.Deploy.0 = Debug|Any CPU
		{FC697FEC-BC47-43D7-A7D1-2D24F88F9BF6}.Debug|iPhoneSimulator.ActiveCfg = Debug|Any CPU
		{FC697FEC-BC47-43D7-A7D1-2D24F88F9BF6}.Debug|iPhoneSimulator.Build.0 = Debug|Any CPU
		{FC697FEC-BC47-43D7-A7D1-2D24F88F9BF6}.Debug|iPhoneSimulator.Deploy.0 = Debug|Any CPU
		{FC697FEC-BC47-43D7-A7D1-2D24F88F9BF6}.Release|Any CPU.ActiveCfg = Release|Any CPU
		{FC697FEC-BC47-43D7-A7D1-2D24F88F9BF6}.Release|Any CPU.Build.0 = Release|Any CPU
		{FC697FEC-BC47-43D7-A7D1-2D24F88F9BF6}.Release|Any CPU.Deploy.0 = Release|Any CPU
		{FC697FEC-BC47-43D7-A7D1-2D24F88F9BF6}.Release|iPhone.ActiveCfg = Release|Any CPU
		{FC697FEC-BC47-43D7-A7D1-2D24F88F9BF6}.Release|iPhone.Build.0 = Release|Any CPU
		{FC697FEC-BC47-43D7-A7D1-2D24F88F9BF6}.Release|iPhone.Deploy.0 = Release|Any CPU
		{FC697FEC-BC47-43D7-A7D1-2D24F88F9BF6}.Release|iPhoneSimulator.ActiveCfg = Release|Any CPU
		{FC697FEC-BC47-43D7-A7D1-2D24F88F9BF6}.Release|iPhoneSimulator.Build.0 = Release|Any CPU
		{FC697FEC-BC47-43D7-A7D1-2D24F88F9BF6}.Release|iPhoneSimulator.Deploy.0 = Release|Any CPU
	EndGlobalSection
	GlobalSection(SolutionProperties) = preSolution
		HideSolutionNode = FALSE
	EndGlobalSection
	GlobalSection(ExtensibilityGlobals) = postSolution
		SolutionGuid = {B6B4FEC1-73ED-4DB0-9B70-5B798B2D89D4}
	EndGlobalSection
EndGlobal
